
Microsoft Visual Studio Solution File, Format Version 12.00
# Visual Studio Version 17
VisualStudioVersion = 17.5.33516.290
MinimumVisualStudioVersion = 10.0.40219.1
Project("{FAE04EC0-301F-11D3-BF4B-00C04F79EFBC}") = "02. Enter Numbers", "02. Enter Numbers\02. Enter Numbers.csproj", "{C126F491-818D-4E4D-B9E2-2410B0F58588}"
EndProject
Global
	GlobalSection(SolutionConfigurationPlatforms) = preSolution
		Debug|Any CPU = Debug|Any CPU
		Release|Any CPU = Release|Any CPU
	EndGlobalSection
	GlobalSection(ProjectConfigurationPlatforms) = postSolution
		{C126F491-818D-4E4D-B9E2-2410B0F58588}.Debug|Any CPU.ActiveCfg = Debug|Any CPU
		{C126F491-818D-4E4D-B9E2-2410B0F58588}.Debug|Any CPU.Build.0 = Debug|Any CPU
		{C126F491-818D-4E4D-B9E2-2410B0F58588}.Release|Any CPU.ActiveCfg = Release|Any CPU
		{C126F491-818D-4E4D-B9E2-2410B0F58588}.Release|Any CPU.Build.0 = Release|Any CPU
	EndGlobalSection
	GlobalSection(SolutionProperties) = preSolution
		HideSolutionNode = FALSE
	EndGlobalSection
	GlobalSection(ExtensibilityGlobals) = postSolution
		SolutionGuid = {A215D1CF-3BD3-45FF-B8E0-829ABFF345CA}
	EndGlobalSection
EndGlobal
